
Microsoft Visual Studio Solution File, Format Version 12.00
# Visual Studio Version 16
VisualStudioVersion = 16.0.33927.289
MinimumVisualStudioVersion = 10.0.40219.1
Project("{FAE04EC0-301F-11D3-BF4B-00C04F79EFBC}") = "PaxManifestMaker", "PaxManifestMaker\PaxManifestMaker.csproj", "{3C251952-9D3A-4AD5-AADC-E3FDECB06900}"
EndProject
Global
	GlobalSection(SolutionConfigurationPlatforms) = preSolution
		Debug|Any CPU = Debug|Any CPU
		Release|Any CPU = Release|Any CPU
	EndGlobalSection
	GlobalSection(ProjectConfigurationPlatforms) = postSolution
		{3C251952-9D3A-4AD5-AADC-E3FDECB06900}.Debug|Any CPU.ActiveCfg = Debug|Any CPU
		{3C251952-9D3A-4AD5-AADC-E3FDECB06900}.Debug|Any CPU.Build.0 = Debug|Any CPU
		{3C251952-9D3A-4AD5-AADC-E3FDECB06900}.Release|Any CPU.ActiveCfg = Release|Any CPU
		{3C251952-9D3A-4AD5-AADC-E3FDECB06900}.Release|Any CPU.Build.0 = Release|Any CPU
	EndGlobalSection
	GlobalSection(SolutionProperties) = preSolution
		HideSolutionNode = FALSE
	EndGlobalSection
	GlobalSection(ExtensibilityGlobals) = postSolution
		SolutionGuid = {8C850AA6-7665-4E0A-AF4C-55C5F212291A}
	EndGlobalSection
EndGlobal
